
Microsoft Visual Studio Solution File, Format Version 12.00
# Visual Studio Version 17
VisualStudioVersion = 17.11.35312.102
MinimumVisualStudioVersion = 10.0.40219.1
Project("{FAE04EC0-301F-11D3-BF4B-00C04F79EFBC}") = "Race", "Race.csproj", "{ED51D3F2-2462-4E6B-8154-4E28DFEE5E7D}"
EndProject
Global
	GlobalSection(SolutionConfigurationPlatforms) = preSolution
		Debug|Any CPU = Debug|Any CPU
		Release|Any CPU = Release|Any CPU
	EndGlobalSection
	GlobalSection(ProjectConfigurationPlatforms) = postSolution
		{ED51D3F2-2462-4E6B-8154-4E28DFEE5E7D}.Debug|Any CPU.ActiveCfg = Debug|Any CPU
		{ED51D3F2-2462-4E6B-8154-4E28DFEE5E7D}.Debug|Any CPU.Build.0 = Debug|Any CPU
		{ED51D3F2-2462-4E6B-8154-4E28DFEE5E7D}.Release|Any CPU.ActiveCfg = Release|Any CPU
		{ED51D3F2-2462-4E6B-8154-4E28DFEE5E7D}.Release|Any CPU.Build.0 = Release|Any CPU
	EndGlobalSection
	GlobalSection(SolutionProperties) = preSolution
		HideSolutionNode = FALSE
	EndGlobalSection
	GlobalSection(ExtensibilityGlobals) = postSolution
		SolutionGuid = {F370DD60-8B38-4B60-A0F8-88C4ED3C8E20}
	EndGlobalSection
EndGlobal
